
Microsoft Visual Studio Solution File, Format Version 12.00
Project("{2150E333-8FDC-42A3-9474-1A3956D46DE8}") = "src", "src", "{E3E9ECED-DC1D-408B-9EB2-27BD58996470}"
EndProject
Project("{2150E333-8FDC-42A3-9474-1A3956D46DE8}") = "Solution Items", "Solution Items", "{7901CE6E-2F02-4F9D-8CEE-D55F483BF059}"
	ProjectSection(SolutionItems) = preProject
		compose.yaml = compose.yaml
	EndProjectSection
EndProject
Project("{FAE04EC0-301F-11D3-BF4B-00C04F79EFBC}") = "WebApi", "src\WebApi\WebApi.csproj", "{A9A5643B-91C1-47DE-A6C5-3591C4296D04}"
EndProject
Project("{FAE04EC0-301F-11D3-BF4B-00C04F79EFBC}") = "Domain", "src\Domain\Domain.csproj", "{18B56885-5761-44C8-9211-C6CBF3334560}"
EndProject
Project("{FAE04EC0-301F-11D3-BF4B-00C04F79EFBC}") = "Infrastructure", "src\Infrastructure\Infrastructure.csproj", "{7F527275-E40A-48FA-8CFE-0D52A321E35A}"
EndProject
Project("{FAE04EC0-301F-11D3-BF4B-00C04F79EFBC}") = "Application", "src\Application\Application.csproj", "{62AFD008-0F1D-44F0-A779-722CD73CB5C3}"
EndProject
Project("{2150E333-8FDC-42A3-9474-1A3956D46DE8}") = "Tests", "Tests", "{FA7A0C16-BF57-42D7-AA52-A9EA1B16CAA4}"
EndProject
Project("{FAE04EC0-301F-11D3-BF4B-00C04F79EFBC}") = "Application.UnitTests", "Tests\Application.UnitTests\Application.UnitTests.csproj", "{C0BA45C7-50C2-416D-9BFA-21AD97629E27}"
EndProject
Project("{FAE04EC0-301F-11D3-BF4B-00C04F79EFBC}") = "Infrastructure.UnitTests", "Tests\Infrastructure.UnitTests\Infrastructure.UnitTests.csproj", "{43229E8E-755E-4958-ACCD-2AD08C35A392}"
EndProject
Project("{FAE04EC0-301F-11D3-BF4B-00C04F79EFBC}") = "WebApi.UnitTests", "Tests\WebApi.UnitTests\WebApi.UnitTests.csproj", "{20337666-7CF8-4024-B6CD-4901B4C6D7F8}"
EndProject
Project("{FAE04EC0-301F-11D3-BF4B-00C04F79EFBC}") = "WebApi.IntegrationTests", "Tests\WebApi.IntegrationTests\WebApi.IntegrationTests.csproj", "{53BFF79B-E91B-4DA5-8912-07C917C619EE}"
EndProject
Project("{FAE04EC0-301F-11D3-BF4B-00C04F79EFBC}") = "WebApi.ArchitecturalTests", "Tests\WebApi.ArchitecturalTests\WebApi.ArchitecturalTests.csproj", "{8F4BBF6C-E1BD-4419-96B4-9EAD469921F0}"
EndProject
Global
	GlobalSection(SolutionConfigurationPlatforms) = preSolution
		Debug|Any CPU = Debug|Any CPU
		Release|Any CPU = Release|Any CPU
	EndGlobalSection
	GlobalSection(NestedProjects) = preSolution
		{A9A5643B-91C1-47DE-A6C5-3591C4296D04} = {E3E9ECED-DC1D-408B-9EB2-27BD58996470}
		{18B56885-5761-44C8-9211-C6CBF3334560} = {E3E9ECED-DC1D-408B-9EB2-27BD58996470}
		{7F527275-E40A-48FA-8CFE-0D52A321E35A} = {E3E9ECED-DC1D-408B-9EB2-27BD58996470}
		{62AFD008-0F1D-44F0-A779-722CD73CB5C3} = {E3E9ECED-DC1D-408B-9EB2-27BD58996470}
		{C0BA45C7-50C2-416D-9BFA-21AD97629E27} = {FA7A0C16-BF57-42D7-AA52-A9EA1B16CAA4}
		{43229E8E-755E-4958-ACCD-2AD08C35A392} = {FA7A0C16-BF57-42D7-AA52-A9EA1B16CAA4}
		{20337666-7CF8-4024-B6CD-4901B4C6D7F8} = {FA7A0C16-BF57-42D7-AA52-A9EA1B16CAA4}
		{53BFF79B-E91B-4DA5-8912-07C917C619EE} = {FA7A0C16-BF57-42D7-AA52-A9EA1B16CAA4}
		{8F4BBF6C-E1BD-4419-96B4-9EAD469921F0} = {FA7A0C16-BF57-42D7-AA52-A9EA1B16CAA4}
	EndGlobalSection
	GlobalSection(ProjectConfigurationPlatforms) = postSolution
		{A9A5643B-91C1-47DE-A6C5-3591C4296D04}.Debug|Any CPU.ActiveCfg = Debug|Any CPU
		{A9A5643B-91C1-47DE-A6C5-3591C4296D04}.Debug|Any CPU.Build.0 = Debug|Any CPU
		{A9A5643B-91C1-47DE-A6C5-3591C4296D04}.Release|Any CPU.ActiveCfg = Release|Any CPU
		{A9A5643B-91C1-47DE-A6C5-3591C4296D04}.Release|Any CPU.Build.0 = Release|Any CPU
		{18B56885-5761-44C8-9211-C6CBF3334560}.Debug|Any CPU.ActiveCfg = Debug|Any CPU
		{18B56885-5761-44C8-9211-C6CBF3334560}.Debug|Any CPU.Build.0 = Debug|Any CPU
		{18B56885-5761-44C8-9211-C6CBF3334560}.Release|Any CPU.ActiveCfg = Release|Any CPU
		{18B56885-5761-44C8-9211-C6CBF3334560}.Release|Any CPU.Build.0 = Release|Any CPU
		{7F527275-E40A-48FA-8CFE-0D52A321E35A}.Debug|Any CPU.ActiveCfg = Debug|Any CPU
		{7F527275-E40A-48FA-8CFE-0D52A321E35A}.Debug|Any CPU.Build.0 = Debug|Any CPU
		{7F527275-E40A-48FA-8CFE-0D52A321E35A}.Release|Any CPU.ActiveCfg = Release|Any CPU
		{7F527275-E40A-48FA-8CFE-0D52A321E35A}.Release|Any CPU.Build.0 = Release|Any CPU
		{62AFD008-0F1D-44F0-A779-722CD73CB5C3}.Debug|Any CPU.ActiveCfg = Debug|Any CPU
		{62AFD008-0F1D-44F0-A779-722CD73CB5C3}.Debug|Any CPU.Build.0 = Debug|Any CPU
		{62AFD008-0F1D-44F0-A779-722CD73CB5C3}.Release|Any CPU.ActiveCfg = Release|Any CPU
		{62AFD008-0F1D-44F0-A779-722CD73CB5C3}.Release|Any CPU.Build.0 = Release|Any CPU
		{C0BA45C7-50C2-416D-9BFA-21AD97629E27}.Debug|Any CPU.ActiveCfg = Debug|Any CPU
		{C0BA45C7-50C2-416D-9BFA-21AD97629E27}.Debug|Any CPU.Build.0 = Debug|Any CPU
		{C0BA45C7-50C2-416D-9BFA-21AD97629E27}.Release|Any CPU.ActiveCfg = Release|Any CPU
		{C0BA45C7-50C2-416D-9BFA-21AD97629E27}.Release|Any CPU.Build.0 = Release|Any CPU
		{43229E8E-755E-4958-ACCD-2AD08C35A392}.Debug|Any CPU.ActiveCfg = Debug|Any CPU
		{43229E8E-755E-4958-ACCD-2AD08C35A392}.Debug|Any CPU.Build.0 = Debug|Any CPU
		{43229E8E-755E-4958-ACCD-2AD08C35A392}.Release|Any CPU.ActiveCfg = Release|Any CPU
		{43229E8E-755E-4958-ACCD-2AD08C35A392}.Release|Any CPU.Build.0 = Release|Any CPU
		{20337666-7CF8-4024-B6CD-4901B4C6D7F8}.Debug|Any CPU.ActiveCfg = Debug|Any CPU
		{20337666-7CF8-4024-B6CD-4901B4C6D7F8}.Debug|Any CPU.Build.0 = Debug|Any CPU
		{20337666-7CF8-4024-B6CD-4901B4C6D7F8}.Release|Any CPU.ActiveCfg = Release|Any CPU
		{20337666-7CF8-4024-B6CD-4901B4C6D7F8}.Release|Any CPU.Build.0 = Release|Any CPU
		{53BFF79B-E91B-4DA5-8912-07C917C619EE}.Debug|Any CPU.ActiveCfg = Debug|Any CPU
		{53BFF79B-E91B-4DA5-8912-07C917C619EE}.Debug|Any CPU.Build.0 = Debug|Any CPU
		{53BFF79B-E91B-4DA5-8912-07C917C619EE}.Release|Any CPU.ActiveCfg = Release|Any CPU
		{53BFF79B-E91B-4DA5-8912-07C917C619EE}.Release|Any CPU.Build.0 = Release|Any CPU
		{8F4BBF6C-E1BD-4419-96B4-9EAD469921F0}.Debug|Any CPU.ActiveCfg = Debug|Any CPU
		{8F4BBF6C-E1BD-4419-96B4-9EAD469921F0}.Debug|Any CPU.Build.0 = Debug|Any CPU
		{8F4BBF6C-E1BD-4419-96B4-9EAD469921F0}.Release|Any CPU.ActiveCfg = Release|Any CPU
		{8F4BBF6C-E1BD-4419-96B4-9EAD469921F0}.Release|Any CPU.Build.0 = Release|Any CPU
	EndGlobalSection
EndGlobal
